
Microsoft Visual Studio Solution File, Format Version 12.00
# Visual Studio Version 17
VisualStudioVersion = 17.0.32014.148
MinimumVisualStudioVersion = 10.0.40219.1
Project("{FAE04EC0-301F-11D3-BF4B-00C04F79EFBC}") = "DATA STRUCTURE", "DATA STRUCTURE\DATA STRUCTURE.csproj", "{2058460E-C9EC-4FAF-BCA3-0DBC24908CB3}"
EndProject
Project("{FAE04EC0-301F-11D3-BF4B-00C04F79EFBC}") = "QueueUsingLinklist", "QueueUsingLinklist\QueueUsingLinklist.csproj", "{0571972A-6931-4BD8-9DA2-4719FB178442}"
EndProject
Project("{FAE04EC0-301F-11D3-BF4B-00C04F79EFBC}") = "StackUsingLinklist", "StackUsingLinklist\StackUsingLinklist.csproj", "{898EE1EA-127B-449A-A949-D4943836F092}"
EndProject
Global
	GlobalSection(SolutionConfigurationPlatforms) = preSolution
		Debug|Any CPU = Debug|Any CPU
		Release|Any CPU = Release|Any CPU
	EndGlobalSection
	GlobalSection(ProjectConfigurationPlatforms) = postSolution
		{2058460E-C9EC-4FAF-BCA3-0DBC24908CB3}.Debug|Any CPU.ActiveCfg = Debug|Any CPU
		{2058460E-C9EC-4FAF-BCA3-0DBC24908CB3}.Debug|Any CPU.Build.0 = Debug|Any CPU
		{2058460E-C9EC-4FAF-BCA3-0DBC24908CB3}.Release|Any CPU.ActiveCfg = Release|Any CPU
		{2058460E-C9EC-4FAF-BCA3-0DBC24908CB3}.Release|Any CPU.Build.0 = Release|Any CPU
		{0571972A-6931-4BD8-9DA2-4719FB178442}.Debug|Any CPU.ActiveCfg = Debug|Any CPU
		{0571972A-6931-4BD8-9DA2-4719FB178442}.Debug|Any CPU.Build.0 = Debug|Any CPU
		{0571972A-6931-4BD8-9DA2-4719FB178442}.Release|Any CPU.ActiveCfg = Release|Any CPU
		{0571972A-6931-4BD8-9DA2-4719FB178442}.Release|Any CPU.Build.0 = Release|Any CPU
		{898EE1EA-127B-449A-A949-D4943836F092}.Debug|Any CPU.ActiveCfg = Debug|Any CPU
		{898EE1EA-127B-449A-A949-D4943836F092}.Debug|Any CPU.Build.0 = Debug|Any CPU
		{898EE1EA-127B-449A-A949-D4943836F092}.Release|Any CPU.ActiveCfg = Release|Any CPU
		{898EE1EA-127B-449A-A949-D4943836F092}.Release|Any CPU.Build.0 = Release|Any CPU
	EndGlobalSection
	GlobalSection(SolutionProperties) = preSolution
		HideSolutionNode = FALSE
	EndGlobalSection
	GlobalSection(ExtensibilityGlobals) = postSolution
		SolutionGuid = {AA6FF7D0-F19B-4932-86BC-373AFD093612}
	EndGlobalSection
EndGlobal
